
Microsoft Visual Studio Solution File, Format Version 12.00
# Visual Studio 15
VisualStudioVersion = 15.0.26430.16
MinimumVisualStudioVersion = 10.0.40219.1
Project("{FAE04EC0-301F-11D3-BF4B-00C04F79EFBC}") = "LINQ_DataDisplay", "LINQ_DataDisplay\LINQ_DataDisplay.csproj", "{BAA0E7E1-54EB-4657-ACF8-3E210644C40C}"
EndProject
Global
	GlobalSection(SolutionConfigurationPlatforms) = preSolution
		Debug|Any CPU = Debug|Any CPU
		Release|Any CPU = Release|Any CPU
	EndGlobalSection
	GlobalSection(ProjectConfigurationPlatforms) = postSolution
		{BAA0E7E1-54EB-4657-ACF8-3E210644C40C}.Debug|Any CPU.ActiveCfg = Debug|Any CPU
		{BAA0E7E1-54EB-4657-ACF8-3E210644C40C}.Debug|Any CPU.Build.0 = Debug|Any CPU
		{BAA0E7E1-54EB-4657-ACF8-3E210644C40C}.Release|Any CPU.ActiveCfg = Release|Any CPU
		{BAA0E7E1-54EB-4657-ACF8-3E210644C40C}.Release|Any CPU.Build.0 = Release|Any CPU
	EndGlobalSection
	GlobalSection(SolutionProperties) = preSolution
		HideSolutionNode = FALSE
	EndGlobalSection
EndGlobal
